
Microsoft Visual Studio Solution File, Format Version 12.00
# Visual Studio Version 17
VisualStudioVersion = 17.0.31903.59
MinimumVisualStudioVersion = 10.0.40219.1
Project("{FAE04EC0-301F-11D3-BF4B-00C04F79EFBC}") = "Ex7", "Ex7\Ex7.csproj", "{62CE64CA-5683-42C4-A53F-45DAEC07C775}"
EndProject
Global
	GlobalSection(SolutionConfigurationPlatforms) = preSolution
		Debug|Any CPU = Debug|Any CPU
		Release|Any CPU = Release|Any CPU
	EndGlobalSection
	GlobalSection(ProjectConfigurationPlatforms) = postSolution
		{62CE64CA-5683-42C4-A53F-45DAEC07C775}.Debug|Any CPU.ActiveCfg = Debug|Any CPU
		{62CE64CA-5683-42C4-A53F-45DAEC07C775}.Debug|Any CPU.Build.0 = Debug|Any CPU
		{62CE64CA-5683-42C4-A53F-45DAEC07C775}.Release|Any CPU.ActiveCfg = Release|Any CPU
		{62CE64CA-5683-42C4-A53F-45DAEC07C775}.Release|Any CPU.Build.0 = Release|Any CPU
	EndGlobalSection
	GlobalSection(SolutionProperties) = preSolution
		HideSolutionNode = FALSE
	EndGlobalSection
	GlobalSection(ExtensibilityGlobals) = postSolution
		SolutionGuid = {2BDF8A99-5F1E-41BA-BB30-2266EA87B76B}
	EndGlobalSection
EndGlobal
