
Microsoft Visual Studio Solution File, Format Version 12.00
# Visual Studio Version 17
VisualStudioVersion = 17.0.31903.59
MinimumVisualStudioVersion = 10.0.40219.1
Project("{FAE04EC0-301F-11D3-BF4B-00C04F79EFBC}") = "InterfaceProject", "InterfaceProject\InterfaceProject.csproj", "{D67E6666-BC58-48E5-A640-036ED0E91A10}"
EndProject
Global
	GlobalSection(SolutionConfigurationPlatforms) = preSolution
		Debug|Any CPU = Debug|Any CPU
		Release|Any CPU = Release|Any CPU
	EndGlobalSection
	GlobalSection(ProjectConfigurationPlatforms) = postSolution
		{D67E6666-BC58-48E5-A640-036ED0E91A10}.Debug|Any CPU.ActiveCfg = Debug|Any CPU
		{D67E6666-BC58-48E5-A640-036ED0E91A10}.Debug|Any CPU.Build.0 = Debug|Any CPU
		{D67E6666-BC58-48E5-A640-036ED0E91A10}.Release|Any CPU.ActiveCfg = Release|Any CPU
		{D67E6666-BC58-48E5-A640-036ED0E91A10}.Release|Any CPU.Build.0 = Release|Any CPU
	EndGlobalSection
	GlobalSection(SolutionProperties) = preSolution
		HideSolutionNode = FALSE
	EndGlobalSection
	GlobalSection(ExtensibilityGlobals) = postSolution
		SolutionGuid = {89CA05EA-CC36-4BCF-A83B-EF64D788A5AA}
	EndGlobalSection
EndGlobal
